Microsoft Visual Studio Solution File, Format Version 12.00
# Visual Studio Version 16
VisualStudioVersion = 16.0.0.0
MinimumVisualStudioVersion = 16.0.0.0
Project("{9A19103F-16F7-4668-BE54-9A1E7A4F7556}") = "Northwind.BlazorWasm.Server", "Server\Northwind.BlazorWasm.Server.csproj", "{82609541-2402-4BC1-BC6C-8A66F9FDA0A7}"
EndProject
Project("{9A19103F-16F7-4668-BE54-9A1E7A4F7556}") = "Northwind.BlazorWasm.Client", "Client\Northwind.BlazorWasm.Client.csproj", "{88D2E127-AF62-45D2-B32B-7E05EAA3CB9C}"
EndProject
Project("{9A19103F-16F7-4668-BE54-9A1E7A4F7556}") = "Northwind.BlazorWasm.Shared", "Shared\Northwind.BlazorWasm.Shared.csproj", "{4BFCB0FF-4605-45AD-A03B-0C356868E9FF}"
EndProject
Global
	GlobalSection(SolutionConfigurationPlatforms) = preSolution
		Debug|Any CPU = Debug|Any CPU
		Debug|x64 = Debug|x64
		Debug|x86 = Debug|x86
		Release|Any CPU = Release|Any CPU
		Release|x64 = Release|x64
		Release|x86 = Release|x86
	EndGlobalSection
	GlobalSection(ProjectConfigurationPlatforms) = postSolution
		{88D2E127-AF62-45D2-B32B-7E05EAA3CB9C}.Debug|Any CPU.ActiveCfg = Debug|Any CPU
		{88D2E127-AF62-45D2-B32B-7E05EAA3CB9C}.Debug|Any CPU.Build.0 = Debug|Any CPU
		{88D2E127-AF62-45D2-B32B-7E05EAA3CB9C}.Debug|x64.ActiveCfg = Debug|Any CPU
		{88D2E127-AF62-45D2-B32B-7E05EAA3CB9C}.Debug|x64.Build.0 = Debug|Any CPU
		{88D2E127-AF62-45D2-B32B-7E05EAA3CB9C}.Debug|x86.ActiveCfg = Debug|Any CPU
		{88D2E127-AF62-45D2-B32B-7E05EAA3CB9C}.Debug|x86.Build.0 = Debug|Any CPU
		{88D2E127-AF62-45D2-B32B-7E05EAA3CB9C}.Release|Any CPU.ActiveCfg = Release|Any CPU
		{88D2E127-AF62-45D2-B32B-7E05EAA3CB9C}.Release|Any CPU.Build.0 = Release|Any CPU
		{88D2E127-AF62-45D2-B32B-7E05EAA3CB9C}.Release|x64.ActiveCfg = Release|Any CPU
		{88D2E127-AF62-45D2-B32B-7E05EAA3CB9C}.Release|x64.Build.0 = Release|Any CPU
		{88D2E127-AF62-45D2-B32B-7E05EAA3CB9C}.Release|x86.ActiveCfg = Release|Any CPU
		{88D2E127-AF62-45D2-B32B-7E05EAA3CB9C}.Release|x86.Build.0 = Release|Any CPU
		{82609541-2402-4BC1-BC6C-8A66F9FDA0A7}.Debug|Any CPU.ActiveCfg = Debug|Any CPU
		{82609541-2402-4BC1-BC6C-8A66F9FDA0A7}.Debug|Any CPU.Build.0 = Debug|Any CPU
		{82609541-2402-4BC1-BC6C-8A66F9FDA0A7}.Debug|x64.ActiveCfg = Debug|Any CPU
		{82609541-2402-4BC1-BC6C-8A66F9FDA0A7}.Debug|x64.Build.0 = Debug|Any CPU
		{82609541-2402-4BC1-BC6C-8A66F9FDA0A7}.Debug|x86.ActiveCfg = Debug|Any CPU
		{82609541-2402-4BC1-BC6C-8A66F9FDA0A7}.Debug|x86.Build.0 = Debug|Any CPU
		{82609541-2402-4BC1-BC6C-8A66F9FDA0A7}.Release|Any CPU.ActiveCfg = Release|Any CPU
		{82609541-2402-4BC1-BC6C-8A66F9FDA0A7}.Release|Any CPU.Build.0 = Release|Any CPU
		{82609541-2402-4BC1-BC6C-8A66F9FDA0A7}.Release|x64.ActiveCfg = Release|Any CPU
		{82609541-2402-4BC1-BC6C-8A66F9FDA0A7}.Release|x64.Build.0 = Release|Any CPU
		{82609541-2402-4BC1-BC6C-8A66F9FDA0A7}.Release|x86.ActiveCfg = Release|Any CPU
		{82609541-2402-4BC1-BC6C-8A66F9FDA0A7}.Release|x86.Build.0 = Release|Any CPU
		{4BFCB0FF-4605-45AD-A03B-0C356868E9FF}.Debug|Any CPU.ActiveCfg = Debug|Any CPU
		{4BFCB0FF-4605-45AD-A03B-0C356868E9FF}.Debug|Any CPU.Build.0 = Debug|Any CPU
		{4BFCB0FF-4605-45AD-A03B-0C356868E9FF}.Debug|x64.ActiveCfg = Debug|Any CPU
		{4BFCB0FF-4605-45AD-A03B-0C356868E9FF}.Debug|x64.Build.0 = Debug|Any CPU
		{4BFCB0FF-4605-45AD-A03B-0C356868E9FF}.Debug|x86.ActiveCfg = Debug|Any CPU
		{4BFCB0FF-4605-45AD-A03B-0C356868E9FF}.Debug|x86.Build.0 = Debug|Any CPU
		{4BFCB0FF-4605-45AD-A03B-0C356868E9FF}.Release|Any CPU.ActiveCfg = Release|Any CPU
		{4BFCB0FF-4605-45AD-A03B-0C356868E9FF}.Release|Any CPU.Build.0 = Release|Any CPU
		{4BFCB0FF-4605-45AD-A03B-0C356868E9FF}.Release|x64.ActiveCfg = Release|Any CPU
		{4BFCB0FF-4605-45AD-A03B-0C356868E9FF}.Release|x64.Build.0 = Release|Any CPU
		{4BFCB0FF-4605-45AD-A03B-0C356868E9FF}.Release|x86.ActiveCfg = Release|Any CPU
		{4BFCB0FF-4605-45AD-A03B-0C356868E9FF}.Release|x86.Build.0 = Release|Any CPU
	EndGlobalSection
	GlobalSection(SolutionProperties) = preSolution
		HideSolutionNode = FALSE
	EndGlobalSection
	GlobalSection(ExtensibilityGlobals) = postSolution
		SolutionGuid = {0CC6285C-CF50-4E2D-8924-F4DB10110395}
	EndGlobalSection
EndGlobal